// !$*UTF8*$!
{
	archiveVersion = 1;
	classes = {
	};
	objectVersion = 70;
	objects = {

/* Begin PBXBuildFile section */
		0C7443642F8E696B004A4A5F /* UI-DESIGN.md in Resources */ = {isa = PBXBuildFile; fileRef = 0C7443622F8E696B004A4A5F /* UI-DESIGN.md */; };
		0C7443652F8E696B004A4A5F /* ARCHITECTURE.md in Resources */ = {isa = PBXBuildFile; fileRef = 0C74435B2F8E696B004A4A5F /* ARCHITECTURE.md */; };
		0C7443662F8E696B004A4A5F /* TOOLS.md in Resources */ = {isa = PBXBuildFile; fileRef = 0C7443612F8E696B004A4A5F /* TOOLS.md */; };
		0C7443672F8E696B004A4A5F /* workspace.json in Resources */ = {isa = PBXBuildFile; fileRef = 0C7443582F8E696B004A4A5F /* workspace.json */; };
		0C7443682F8E696B004A4A5F /* LEGAL.md in Resources */ = {isa = PBXBuildFile; fileRef = 0C74435E2F8E696B004A4A5F /* LEGAL.md */; };
		0C7443692F8E696B004A4A5F /* LOGGING.md in Resources */ = {isa = PBXBuildFile; fileRef = 0C74435F2F8E696B004A4A5F /* LOGGING.md */; };
		0C74436A2F8E696B004A4A5F /* DOMAIN.md in Resources */ = {isa = PBXBuildFile; fileRef = 0C74435D2F8E696B004A4A5F /* DOMAIN.md */; };
		0C74436B2F8E696B004A4A5F /* PROJECT.md in Resources */ = {isa = PBXBuildFile; fileRef = 0C7443602F8E696B004A4A5F /* PROJECT.md */; };
		0C74436C2F8E696B004A4A5F /* app.json in Resources */ = {isa = PBXBuildFile; fileRef = 0C7443572F8E696B004A4A5F /* app.json */; };
		0C74436D2F8E696B004A4A5F /* DECISIONS.md in Resources */ = {isa = PBXBuildFile; fileRef = 0C74435C2F8E696B004A4A5F /* DECISIONS.md */; };
		0C74437D2F8E7D5C004A4A5F /* LaunchAtLogin in Frameworks */ = {isa = PBXBuildFile; productRef = 0C74437C2F8E7D5C004A4A5F /* LaunchAtLogin */; };
		0C74437F2F8E7F85004A4A5F /* APP-STORE-LISTING.md in Resources */ = {isa = PBXBuildFile; fileRef = 0C74437E2F8E7F85004A4A5F /* APP-STORE-LISTING.md */; };
		0C9F9B422F9B7ED700A95EB1 /* TBPopoverView.swift in Sources */ = {isa = PBXBuildFile; fileRef = 0C9F9B412F9B7ED700A95EB1 /* TBPopoverView.swift */; };
		0C9F9B442F9B7EE500A95EB1 /* SoundsView.swift in Sources */ = {isa = PBXBuildFile; fileRef = 0C9F9B432F9B7EE500A95EB1 /* SoundsView.swift */; };
		0C9F9B462F9B7EF200A95EB1 /* SettingsView.swift in Sources */ = {isa = PBXBuildFile; fileRef = 0C9F9B452F9B7EF200A95EB1 /* SettingsView.swift */; };
		0C9F9B482F9B7EFF00A95EB1 /* DayPickerView.swift in Sources */ = {isa = PBXBuildFile; fileRef = 0C9F9B472F9B7EFF00A95EB1 /* DayPickerView.swift */; };
		8A21B78C27EE31A20009E5DB /* App.swift in Sources */ = {isa = PBXBuildFile; fileRef = 8A21B78B27EE31A20009E5DB /* App.swift */; };
		8A21B78E27EE31A20009E5DB /* IntervalsView.swift in Sources */ = {isa = PBXBuildFile; fileRef = 8A21B78D27EE31A20009E5DB /* IntervalsView.swift */; };
		8A21B79027EE31A30009E5DB /* Assets.xcassets in Resources */ = {isa = PBXBuildFile; fileRef = 8A21B78F27EE31A30009E5DB /* Assets.xcassets */; };
		8A8CFE402821D8C300F9F303 /* SwiftState in Frameworks */ = {isa = PBXBuildFile; productRef = 8A8CFE3F2821D8C300F9F303 /* SwiftState */; };
		8A9F700927EE396E0012A1EC /* State.swift in Sources */ = {isa = PBXBuildFile; fileRef = 8A9F700827EE396E0012A1EC /* State.swift */; };
		8A9F701927EE3DAF0012A1EC /* Timer.swift in Sources */ = {isa = PBXBuildFile; fileRef = 8A9F701827EE3DAF0012A1EC /* Timer.swift */; };
		8A9F701F27EE536D0012A1EC /* Player.swift in Sources */ = {isa = PBXBuildFile; fileRef = 8A9F701E27EE536D0012A1EC /* Player.swift */; };
		8AA5434A2930F008002A47FC /* Localizable.strings in Resources */ = {isa = PBXBuildFile; fileRef = 8AA54347293094AB002A47FC /* Localizable.strings */; };
		8AA5B3EB281295DB00BE1A6C /* KeyboardShortcuts in Frameworks */ = {isa = PBXBuildFile; productRef = 8AA5B3EA281295DB00BE1A6C /* KeyboardShortcuts */; };
		8AA5B3F22812A74600BE1A6C /* Notifications.swift in Sources */ = {isa = PBXBuildFile; fileRef = 8AA5B3F12812A74600BE1A6C /* Notifications.swift */; };
		8AEE49AF2AA75A5E00243D2F /* Log.swift in Sources */ = {isa = PBXBuildFile; fileRef = 8AEE49AE2AA75A5E00243D2F /* Log.swift */; };
/* End PBXBuildFile section */

/* Begin PBXContainerItemProxy section */
		0C7443762F8E784A004A4A5F /* PBXContainerItemProxy */ = {
			isa = PBXContainerItemProxy;
			containerPortal = 8A21B78027EE31A20009E5DB /* Project object */;
			proxyType = 1;
			remoteGlobalIDString = 8A21B78727EE31A20009E5DB;
			remoteInfo = TomatoBar;
		};
/* End PBXContainerItemProxy section */

/* Begin PBXFileReference section */
		0C7443572F8E696B004A4A5F /* app.json */ = {isa = PBXFileReference; lastKnownFileType = text.json; path = app.json; sourceTree = "<group>"; };
		0C7443582F8E696B004A4A5F /* workspace.json */ = {isa = PBXFileReference; lastKnownFileType = text.json; path = workspace.json; sourceTree = "<group>"; };
		0C74435B2F8E696B004A4A5F /* ARCHITECTURE.md */ = {isa = PBXFileReference; lastKnownFileType = net.daringfireball.markdown; path = ARCHITECTURE.md; sourceTree = "<group>"; };
		0C74435C2F8E696B004A4A5F /* DECISIONS.md */ = {isa = PBXFileReference; lastKnownFileType = net.daringfireball.markdown; path = DECISIONS.md; sourceTree = "<group>"; };
		0C74435D2F8E696B004A4A5F /* DOMAIN.md */ = {isa = PBXFileReference; lastKnownFileType = net.daringfireball.markdown; path = DOMAIN.md; sourceTree = "<group>"; };
		0C74435E2F8E696B004A4A5F /* LEGAL.md */ = {isa = PBXFileReference; lastKnownFileType = net.daringfireball.markdown; path = LEGAL.md; sourceTree = "<group>"; };
		0C74435F2F8E696B004A4A5F /* LOGGING.md */ = {isa = PBXFileReference; lastKnownFileType = net.daringfireball.markdown; path = LOGGING.md; sourceTree = "<group>"; };
		0C7443602F8E696B004A4A5F /* PROJECT.md */ = {isa = PBXFileReference; lastKnownFileType = net.daringfireball.markdown; path = PROJECT.md; sourceTree = "<group>"; };
		0C7443612F8E696B004A4A5F /* TOOLS.md */ = {isa = PBXFileReference; lastKnownFileType = net.daringfireball.markdown; path = TOOLS.md; sourceTree = "<group>"; };
		0C7443622F8E696B004A4A5F /* UI-DESIGN.md */ = {isa = PBXFileReference; lastKnownFileType = net.daringfireball.markdown; path = "UI-DESIGN.md"; sourceTree = "<group>"; };
		0C7443722F8E784A004A4A5F /* TomatoBarTests.xctest */ = {isa = PBXFileReference; explicitFileType = wrapper.cfbundle; includeInIndex = 0; path = TomatoBarTests.xctest; sourceTree = BUILT_PRODUCTS_DIR; };
		0C74437E2F8E7F85004A4A5F /* APP-STORE-LISTING.md */ = {isa = PBXFileReference; lastKnownFileType = net.daringfireball.markdown; path = "APP-STORE-LISTING.md"; sourceTree = "<group>"; };
		0C9F9B412F9B7ED700A95EB1 /* TBPopoverView.swift */ = {isa = PBXFileReference; lastKnownFileType = sourcecode.swift; path = TBPopoverView.swift; sourceTree = "<group>"; };
		0C9F9B432F9B7EE500A95EB1 /* SoundsView.swift */ = {isa = PBXFileReference; lastKnownFileType = sourcecode.swift; path = SoundsView.swift; sourceTree = "<group>"; };
		0C9F9B452F9B7EF200A95EB1 /* SettingsView.swift */ = {isa = PBXFileReference; lastKnownFileType = sourcecode.swift; path = SettingsView.swift; sourceTree = "<group>"; };
		0C9F9B472F9B7EFF00A95EB1 /* DayPickerView.swift */ = {isa = PBXFileReference; lastKnownFileType = sourcecode.swift; path = DayPickerView.swift; sourceTree = "<group>"; };
		4CC11A472B6A28500012E8EC /* ko */ = {isa = PBXFileReference; lastKnownFileType = text.plist.strings; name = ko; path = ko.lproj/Localizable.strings; sourceTree = "<group>"; };
		8A21B78827EE31A20009E5DB /* TomatoBar.app */ = {isa = PBXFileReference; explicitFileType = wrapper.application; includeInIndex = 0; path = TomatoBar.app; sourceTree = BUILT_PRODUCTS_DIR; };
		8A21B78B27EE31A20009E5DB /* App.swift */ = {isa = PBXFileReference; lastKnownFileType = sourcecode.swift; path = App.swift; sourceTree = "<group>"; };
		8A21B78D27EE31A20009E5DB /* IntervalsView.swift */ = {isa = PBXFileReference; lastKnownFileType = sourcecode.swift; path = IntervalsView.swift; sourceTree = "<group>"; };
		8A21B78F27EE31A30009E5DB /* Assets.xcassets */ = {isa = PBXFileReference; lastKnownFileType = folder.assetcatalog; path = Assets.xcassets; sourceTree = "<group>"; };
		8A21B79427EE31A30009E5DB /* TomatoBar.entitlements */ = {isa = PBXFileReference; lastKnownFileType = text.plist.entitlements; path = TomatoBar.entitlements; sourceTree = "<group>"; };
		8A9F700827EE396E0012A1EC /* State.swift */ = {isa = PBXFileReference; lastKnownFileType = sourcecode.swift; path = State.swift; sourceTree = "<group>"; };
		8A9F701827EE3DAF0012A1EC /* Timer.swift */ = {isa = PBXFileReference; lastKnownFileType = sourcecode.swift; path = Timer.swift; sourceTree = "<group>"; };
		8A9F701E27EE536D0012A1EC /* Player.swift */ = {isa = PBXFileReference; lastKnownFileType = sourcecode.swift; path = Player.swift; sourceTree = "<group>"; };
		8AA54346293094AB002A47FC /* en */ = {isa = PBXFileReference; lastKnownFileType = text.plist.strings; name = en; path = en.lproj/Localizable.strings; sourceTree = "<group>"; };
		8AA5B3F12812A74600BE1A6C /* Notifications.swift */ = {isa = PBXFileReference; lastKnownFileType = sourcecode.swift; path = Notifications.swift; sourceTree = "<group>"; };
		8AEE49AE2AA75A5E00243D2F /* Log.swift */ = {isa = PBXFileReference; fileEncoding = 4; lastKnownFileType = sourcecode.swift; path = Log.swift; sourceTree = "<group>"; };
		C4C8DE0E2930DBB4003B1110 /* zh-Hans */ = {isa = PBXFileReference; lastKnownFileType = text.plist.strings; name = "zh-Hans"; path = "zh-Hans.lproj/Localizable.strings"; sourceTree = "<group>"; };
/* End PBXFileReference section */

/* Begin PBXFileSystemSynchronizedRootGroup section */
		0C7443732F8E784A004A4A5F /* TomatoBarTests */ = {isa = PBXFileSystemSynchronizedRootGroup; explicitFileTypes = {}; explicitFolders = (); path = TomatoBarTests; sourceTree = "<group>"; };
/* End PBXFileSystemSynchronizedRootGroup section */

/* Begin PBXFrameworksBuildPhase section */
		0C74436F2F8E784A004A4A5F /* Frameworks */ = {
			isa = PBXFrameworksBuildPhase;
			buildActionMask = 2147483647;
			files = (
			);
			runOnlyForDeploymentPostprocessing = 0;
		};
		8A21B78527EE31A20009E5DB /* Frameworks */ = {
			isa = PBXFrameworksBuildPhase;
			buildActionMask = 2147483647;
			files = (
				0C74437D2F8E7D5C004A4A5F /* LaunchAtLogin in Frameworks */,
				8AA5B3EB281295DB00BE1A6C /* KeyboardShortcuts in Frameworks */,
				8A8CFE402821D8C300F9F303 /* SwiftState in Frameworks */,
			);
			runOnlyForDeploymentPostprocessing = 0;
		};
/* End PBXFrameworksBuildPhase section */

/* Begin PBXGroup section */
		0C05A6DF2F922700005BB993 /* Utilities */ = {
			isa = PBXGroup;
			children = (
				8AEE49AE2AA75A5E00243D2F /* Log.swift */,
			);
			path = Utilities;
			sourceTree = "<group>";
		};
		0C05A6E02F923D11005BB993 /* Core */ = {
			isa = PBXGroup;
			children = (
				8A9F701827EE3DAF0012A1EC /* Timer.swift */,
			);
			path = Core;
			sourceTree = "<group>";
		};
		0C05A6E12F923D28005BB993 /* Services */ = {
			isa = PBXGroup;
			children = (
				8AA5B3F12812A74600BE1A6C /* Notifications.swift */,
				8A9F701E27EE536D0012A1EC /* Player.swift */,
			);
			path = Services;
			sourceTree = "<group>";
		};
		0C7443532F8E5DAA004A4A5F /* Documents */ = {
			isa = PBXGroup;
			children = (
				0C7443542F8E696B004A4A5F /* diagrams */,
				0C7443552F8E696B004A4A5F /* source_documents */,
				0C7443562F8E696B004A4A5F /* user_guides */,
				0C7443632F8E696B004A4A5F /* vault */,
			);
			path = Documents;
			sourceTree = "<group>";
		};
		0C7443542F8E696B004A4A5F /* diagrams */ = {
			isa = PBXGroup;
			children = (
			);
			path = diagrams;
			sourceTree = "<group>";
		};
		0C7443552F8E696B004A4A5F /* source_documents */ = {
			isa = PBXGroup;
			children = (
			);
			path = source_documents;
			sourceTree = "<group>";
		};
		0C7443562F8E696B004A4A5F /* user_guides */ = {
			isa = PBXGroup;
			children = (
			);
			path = user_guides;
			sourceTree = "<group>";
		};
		0C7443592F8E696B004A4A5F /* .obsidian */ = {
			isa = PBXGroup;
			children = (
				0C7443572F8E696B004A4A5F /* app.json */,
				0C7443582F8E696B004A4A5F /* workspace.json */,
			);
			path = .obsidian;
			sourceTree = "<group>";
		};
		0C7443632F8E696B004A4A5F /* vault */ = {
			isa = PBXGroup;
			children = (
				0C7443592F8E696B004A4A5F /* .obsidian */,
				0C74435B2F8E696B004A4A5F /* ARCHITECTURE.md */,
				0C74435C2F8E696B004A4A5F /* DECISIONS.md */,
				0C74435D2F8E696B004A4A5F /* DOMAIN.md */,
				0C74435E2F8E696B004A4A5F /* LEGAL.md */,
				0C74435F2F8E696B004A4A5F /* LOGGING.md */,
				0C7443602F8E696B004A4A5F /* PROJECT.md */,
				0C7443612F8E696B004A4A5F /* TOOLS.md */,
				0C7443622F8E696B004A4A5F /* UI-DESIGN.md */,
				0C74437E2F8E7F85004A4A5F /* APP-STORE-LISTING.md */,
			);
			path = vault;
			sourceTree = "<group>";
		};
		0C9F9B492F9B7F4D00A95EB1 /* Views */ = {
			isa = PBXGroup;
			children = (
				8A21B78D27EE31A20009E5DB /* IntervalsView.swift */,
				0C9F9B472F9B7EFF00A95EB1 /* DayPickerView.swift */,
				0C9F9B452F9B7EF200A95EB1 /* SettingsView.swift */,
				0C9F9B432F9B7EE500A95EB1 /* SoundsView.swift */,
				0C9F9B412F9B7ED700A95EB1 /* TBPopoverView.swift */,
			);
			path = Views;
			sourceTree = "<group>";
		};
		8A21B77F27EE31A20009E5DB = {
			isa = PBXGroup;
			children = (
				0C7443532F8E5DAA004A4A5F /* Documents */,
				8A21B78A27EE31A20009E5DB /* TomatoBar */,
				0C7443732F8E784A004A4A5F /* TomatoBarTests */,
				8A21B78927EE31A20009E5DB /* Products */,
				8A9F700D27EE3AED0012A1EC /* Frameworks */,
			);
			sourceTree = "<group>";
		};
		8A21B78927EE31A20009E5DB /* Products */ = {
			isa = PBXGroup;
			children = (
				8A21B78827EE31A20009E5DB /* TomatoBar.app */,
				0C7443722F8E784A004A4A5F /* TomatoBarTests.xctest */,
			);
			name = Products;
			sourceTree = "<group>";
		};
		8A21B78A27EE31A20009E5DB /* TomatoBar */ = {
			isa = PBXGroup;
			children = (
				0C05A6E02F923D11005BB993 /* Core */,
				0C05A6E12F923D28005BB993 /* Services */,
				0C05A6DF2F922700005BB993 /* Utilities */,
				0C9F9B492F9B7F4D00A95EB1 /* Views */,
				8A21B78B27EE31A20009E5DB /* App.swift */,
				8A9F700827EE396E0012A1EC /* State.swift */,
				8A21B78F27EE31A30009E5DB /* Assets.xcassets */,
				8A21B79427EE31A30009E5DB /* TomatoBar.entitlements */,
				8AA54347293094AB002A47FC /* Localizable.strings */,
			);
			path = TomatoBar;
			sourceTree = "<group>";
		};
		8A9F700D27EE3AED0012A1EC /* Frameworks */ = {
			isa = PBXGroup;
			children = (
			);
			name = Frameworks;
			sourceTree = "<group>";
		};
/* End PBXGroup section */

/* Begin PBXNativeTarget section */
		0C7443712F8E784A004A4A5F /* TomatoBarTests */ = {
			isa = PBXNativeTarget;
			buildConfigurationList = 0C7443782F8E784A004A4A5F /* Build configuration list for PBXNativeTarget "TomatoBarTests" */;
			buildPhases = (
				0C74436E2F8E784A004A4A5F /* Sources */,
				0C74436F2F8E784A004A4A5F /* Frameworks */,
				0C7443702F8E784A004A4A5F /* Resources */,
			);
			buildRules = (
			);
			dependencies = (
				0C7443772F8E784A004A4A5F /* PBXTargetDependency */,
			);
			fileSystemSynchronizedGroups = (
				0C7443732F8E784A004A4A5F /* TomatoBarTests */,
			);
			name = TomatoBarTests;
			packageProductDependencies = (
			);
			productName = TomatoBarTests;
			productReference = 0C7443722F8E784A004A4A5F /* TomatoBarTests.xctest */;
			productType = "com.apple.product-type.bundle.unit-test";
		};
		8A21B78727EE31A20009E5DB /* TomatoBar */ = {
			isa = PBXNativeTarget;
			buildConfigurationList = 8A21B79727EE31A30009E5DB /* Build configuration list for PBXNativeTarget "TomatoBar" */;
			buildPhases = (
				8A21B78427EE31A20009E5DB /* Sources */,
				8A21B78527EE31A20009E5DB /* Frameworks */,
				8A21B78627EE31A20009E5DB /* Resources */,
			);
			buildRules = (
			);
			dependencies = (
			);
			name = TomatoBar;
			packageProductDependencies = (
				8AA5B3EA281295DB00BE1A6C /* KeyboardShortcuts */,
				8A8CFE3F2821D8C300F9F303 /* SwiftState */,
				0C74437C2F8E7D5C004A4A5F /* LaunchAtLogin */,
			);
			productName = TomatoBar;
			productReference = 8A21B78827EE31A20009E5DB /* TomatoBar.app */;
			productType = "com.apple.product-type.application";
		};
/* End PBXNativeTarget section */

/* Begin PBXProject section */
		8A21B78027EE31A20009E5DB /* Project object */ = {
			isa = PBXProject;
			attributes = {
				BuildIndependentTargetsInParallel = 1;
				LastSwiftUpdateCheck = 2640;
				LastUpgradeCheck = 1410;
				TargetAttributes = {
					0C7443712F8E784A004A4A5F = {
						CreatedOnToolsVersion = 26.4;
						TestTargetID = 8A21B78727EE31A20009E5DB;
					};
					8A21B78727EE31A20009E5DB = {
						CreatedOnToolsVersion = 13.3;
					};
				};
			};
			buildConfigurationList = 8A21B78327EE31A20009E5DB /* Build configuration list for PBXProject "TomatoBar" */;
			compatibilityVersion = "Xcode 13.0";
			developmentRegion = en;
			hasScannedForEncodings = 0;
			knownRegions = (
				en,
				Base,
				"zh-Hans",
				ko,
			);
			mainGroup = 8A21B77F27EE31A20009E5DB;
			packageReferences = (
				8AA5B3E9281295DB00BE1A6C /* XCRemoteSwiftPackageReference "KeyboardShortcuts" */,
				8A8CFE3E2821D8C300F9F303 /* XCRemoteSwiftPackageReference "SwiftState" */,
				0C74437B2F8E7D5C004A4A5F /* XCRemoteSwiftPackageReference "LaunchAtLogin-Modern" */,
			);
			productRefGroup = 8A21B78927EE31A20009E5DB /* Products */;
			projectDirPath = "";
			projectRoot = "";
			targets = (
				8A21B78727EE31A20009E5DB /* TomatoBar */,
				0C7443712F8E784A004A4A5F /* TomatoBarTests */,
			);
		};
/* End PBXProject section */

/* Begin PBXResourcesBuildPhase section */
		0C7443702F8E784A004A4A5F /* Resources */ = {
			isa = PBXResourcesBuildPhase;
			buildActionMask = 2147483647;
			files = (
			);
			runOnlyForDeploymentPostprocessing = 0;
		};
		8A21B78627EE31A20009E5DB /* Resources */ = {
			isa = PBXResourcesBuildPhase;
			buildActionMask = 2147483647;
			files = (
				0C7443642F8E696B004A4A5F /* UI-DESIGN.md in Resources */,
				0C74437F2F8E7F85004A4A5F /* APP-STORE-LISTING.md in Resources */,
				0C7443652F8E696B004A4A5F /* ARCHITECTURE.md in Resources */,
				0C7443662F8E696B004A4A5F /* TOOLS.md in Resources */,
				0C7443672F8E696B004A4A5F /* workspace.json in Resources */,
				0C7443682F8E696B004A4A5F /* LEGAL.md in Resources */,
				0C7443692F8E696B004A4A5F /* LOGGING.md in Resources */,
				0C74436A2F8E696B004A4A5F /* DOMAIN.md in Resources */,
				0C74436B2F8E696B004A4A5F /* PROJECT.md in Resources */,
				0C74436C2F8E696B004A4A5F /* app.json in Resources */,
				0C74436D2F8E696B004A4A5F /* DECISIONS.md in Resources */,
				8A21B79027EE31A30009E5DB /* Assets.xcassets in Resources */,
				8AA5434A2930F008002A47FC /* Localizable.strings in Resources */,
			);
			runOnlyForDeploymentPostprocessing = 0;
		};
/* End PBXResourcesBuildPhase section */

/* Begin PBXSourcesBuildPhase section */
		0C74436E2F8E784A004A4A5F /* Sources */ = {
			isa = PBXSourcesBuildPhase;
			buildActionMask = 2147483647;
			files = (
			);
			runOnlyForDeploymentPostprocessing = 0;
		};
		8A21B78427EE31A20009E5DB /* Sources */ = {
			isa = PBXSourcesBuildPhase;
			buildActionMask = 2147483647;
			files = (
				8A9F701F27EE536D0012A1EC /* Player.swift in Sources */,
				8AEE49AF2AA75A5E00243D2F /* Log.swift in Sources */,
				0C9F9B482F9B7EFF00A95EB1 /* DayPickerView.swift in Sources */,
				0C9F9B422F9B7ED700A95EB1 /* TBPopoverView.swift in Sources */,
				8A21B78E27EE31A20009E5DB /* IntervalsView.swift in Sources */,
				8A9F701927EE3DAF0012A1EC /* Timer.swift in Sources */,
				0C9F9B462F9B7EF200A95EB1 /* SettingsView.swift in Sources */,
				8A21B78C27EE31A20009E5DB /* App.swift in Sources */,
				8AA5B3F22812A74600BE1A6C /* Notifications.swift in Sources */,
				0C9F9B442F9B7EE500A95EB1 /* SoundsView.swift in Sources */,
				8A9F700927EE396E0012A1EC /* State.swift in Sources */,
			);
			runOnlyForDeploymentPostprocessing = 0;
		};
/* End PBXSourcesBuildPhase section */

/* Begin PBXTargetDependency section */
		0C7443772F8E784A004A4A5F /* PBXTargetDependency */ = {
			isa = PBXTargetDependency;
			target = 8A21B78727EE31A20009E5DB /* TomatoBar */;
			targetProxy = 0C7443762F8E784A004A4A5F /* PBXContainerItemProxy */;
		};
/* End PBXTargetDependency section */

/* Begin PBXVariantGroup section */
		8AA54347293094AB002A47FC /* Localizable.strings */ = {
			isa = PBXVariantGroup;
			children = (
				8AA54346293094AB002A47FC /* en */,
				C4C8DE0E2930DBB4003B1110 /* zh-Hans */,
				4CC11A472B6A28500012E8EC /* ko */,
			);
			name = Localizable.strings;
			sourceTree = "<group>";
		};
/* End PBXVariantGroup section */

/* Begin XCBuildConfiguration section */
		0C7443792F8E784A004A4A5F /* Debug */ = {
			isa = XCBuildConfiguration;
			buildSettings = {
				ASSETCATALOG_COMPILER_GENERATE_SWIFT_ASSET_SYMBOL_EXTENSIONS = YES;
				BUNDLE_LOADER = "$(TEST_HOST)";
				CLANG_CXX_LANGUAGE_STANDARD = "gnu++20";
				CODE_SIGN_STYLE = Automatic;
				CURRENT_PROJECT_VERSION = 1;
				DEVELOPMENT_TEAM = 7X2XV24BPN;
				ENABLE_USER_SCRIPT_SANDBOXING = YES;
				GCC_C_LANGUAGE_STANDARD = gnu17;
				GENERATE_INFOPLIST_FILE = YES;
				LOCALIZATION_PREFERS_STRING_CATALOGS = YES;
				MACOSX_DEPLOYMENT_TARGET = 26.4;
				MARKETING_VERSION = 1.0;
				PRODUCT_BUNDLE_IDENTIFIER = com.ploutonconsulting.TomatoBarTests;
				PRODUCT_NAME = "$(TARGET_NAME)";
				STRING_CATALOG_GENERATE_SYMBOLS = NO;
				SWIFT_ACTIVE_COMPILATION_CONDITIONS = "DEBUG $(inherited)";
				SWIFT_APPROACHABLE_CONCURRENCY = YES;
				SWIFT_EMIT_LOC_STRINGS = NO;
				SWIFT_UPCOMING_FEATURE_MEMBER_IMPORT_VISIBILITY = YES;
				SWIFT_VERSION = 5.0;
				TEST_HOST = "$(BUILT_PRODUCTS_DIR)/TomatoBar.app/$(BUNDLE_EXECUTABLE_FOLDER_PATH)/TomatoBar";
			};
			name = Debug;
		};
		0C74437A2F8E784A004A4A5F /* Release */ = {
			isa = XCBuildConfiguration;
			buildSettings = {
				ASSETCATALOG_COMPILER_GENERATE_SWIFT_ASSET_SYMBOL_EXTENSIONS = YES;
				BUNDLE_LOADER = "$(TEST_HOST)";
				CLANG_CXX_LANGUAGE_STANDARD = "gnu++20";
				CODE_SIGN_STYLE = Automatic;
				CURRENT_PROJECT_VERSION = 1;
				DEVELOPMENT_TEAM = 7X2XV24BPN;
				ENABLE_USER_SCRIPT_SANDBOXING = YES;
				GCC_C_LANGUAGE_STANDARD = gnu17;
				GENERATE_INFOPLIST_FILE = YES;
				LOCALIZATION_PREFERS_STRING_CATALOGS = YES;
				MACOSX_DEPLOYMENT_TARGET = 26.4;
				MARKETING_VERSION = 1.0;
				PRODUCT_BUNDLE_IDENTIFIER = com.ploutonconsulting.TomatoBarTests;
				PRODUCT_NAME = "$(TARGET_NAME)";
				STRING_CATALOG_GENERATE_SYMBOLS = NO;
				SWIFT_APPROACHABLE_CONCURRENCY = YES;
				SWIFT_EMIT_LOC_STRINGS = NO;
				SWIFT_UPCOMING_FEATURE_MEMBER_IMPORT_VISIBILITY = YES;
				SWIFT_VERSION = 5.0;
				TEST_HOST = "$(BUILT_PRODUCTS_DIR)/TomatoBar.app/$(BUNDLE_EXECUTABLE_FOLDER_PATH)/TomatoBar";
			};
			name = Release;
		};
		8A21B79527EE31A30009E5DB /* Debug */ = {
			isa = XCBuildConfiguration;
			buildSettings = {
				ALWAYS_SEARCH_USER_PATHS = NO;
				CLANG_ANALYZER_LOCALIZABILITY_NONLOCALIZED = YES;
				CLANG_ANALYZER_NONNULL = YES;
				CLANG_ANALYZER_NUMBER_OBJECT_CONVERSION = YES_AGGRESSIVE;
				CLANG_CXX_LANGUAGE_STANDARD = "gnu++17";
				CLANG_ENABLE_MODULES = YES;
				CLANG_ENABLE_OBJC_ARC = YES;
				CLANG_ENABLE_OBJC_WEAK = YES;
				CLANG_WARN_BLOCK_CAPTURE_AUTORELEASING = YES;
				CLANG_WARN_BOOL_CONVERSION = YES;
				CLANG_WARN_COMMA = YES;
				CLANG_WARN_CONSTANT_CONVERSION = YES;
				CLANG_WARN_DEPRECATED_OBJC_IMPLEMENTATIONS = YES;
				CLANG_WARN_DIRECT_OBJC_ISA_USAGE = YES_ERROR;
				CLANG_WARN_DOCUMENTATION_COMMENTS = YES;
				CLANG_WARN_EMPTY_BODY = YES;
				CLANG_WARN_ENUM_CONVERSION = YES;
				CLANG_WARN_INFINITE_RECURSION = YES;
				CLANG_WARN_INT_CONVERSION = YES;
				CLANG_WARN_NON_LITERAL_NULL_CONVERSION = YES;
				CLANG_WARN_OBJC_IMPLICIT_RETAIN_SELF = YES;
				CLANG_WARN_OBJC_LITERAL_CONVERSION = YES;
				CLANG_WARN_OBJC_ROOT_CLASS = YES_ERROR;
				CLANG_WARN_QUOTED_INCLUDE_IN_FRAMEWORK_HEADER = YES;
				CLANG_WARN_RANGE_LOOP_ANALYSIS = YES;
				CLANG_WARN_STRICT_PROTOTYPES = YES;
				CLANG_WARN_SUSPICIOUS_MOVE = YES;
				CLANG_WARN_UNGUARDED_AVAILABILITY = YES_AGGRESSIVE;
				CLANG_WARN_UNREACHABLE_CODE = YES;
				CLANG_WARN__DUPLICATE_METHOD_MATCH = YES;
				COPY_PHASE_STRIP = NO;
				DEAD_CODE_STRIPPING = YES;
				DEBUG_INFORMATION_FORMAT = dwarf;
				ENABLE_STRICT_OBJC_MSGSEND = YES;
				ENABLE_TESTABILITY = YES;
				GCC_C_LANGUAGE_STANDARD = gnu11;
				GCC_DYNAMIC_NO_PIC = NO;
				GCC_NO_COMMON_BLOCKS = YES;
				GCC_OPTIMIZATION_LEVEL = 0;
				GCC_PREPROCESSOR_DEFINITIONS = (
					"DEBUG=1",
					"$(inherited)",
				);
				GCC_WARN_64_TO_32_BIT_CONVERSION = YES;
				GCC_WARN_ABOUT_RETURN_TYPE = YES_ERROR;
				GCC_WARN_UNDECLARED_SELECTOR = YES;
				GCC_WARN_UNINITIALIZED_AUTOS = YES_AGGRESSIVE;
				GCC_WARN_UNUSED_FUNCTION = YES;
				GCC_WARN_UNUSED_VARIABLE = YES;
				MACOSX_DEPLOYMENT_TARGET = 12.3;
				MTL_ENABLE_DEBUG_INFO = INCLUDE_SOURCE;
				MTL_FAST_MATH = YES;
				ONLY_ACTIVE_ARCH = YES;
				SDKROOT = macosx;
				SWIFT_ACTIVE_COMPILATION_CONDITIONS = DEBUG;
				SWIFT_OPTIMIZATION_LEVEL = "-Onone";
			};
			name = Debug;
		};
		8A21B79627EE31A30009E5DB /* Release */ = {
			isa = XCBuildConfiguration;
			buildSettings = {
				ALWAYS_SEARCH_USER_PATHS = NO;
				CLANG_ANALYZER_LOCALIZABILITY_NONLOCALIZED = YES;
				CLANG_ANALYZER_NONNULL = YES;
				CLANG_ANALYZER_NUMBER_OBJECT_CONVERSION = YES_AGGRESSIVE;
				CLANG_CXX_LANGUAGE_STANDARD = "gnu++17";
				CLANG_ENABLE_MODULES = YES;
				CLANG_ENABLE_OBJC_ARC = YES;
				CLANG_ENABLE_OBJC_WEAK = YES;
				CLANG_WARN_BLOCK_CAPTURE_AUTORELEASING = YES;
				CLANG_WARN_BOOL_CONVERSION = YES;
				CLANG_WARN_COMMA = YES;
				CLANG_WARN_CONSTANT_CONVERSION = YES;
				CLANG_WARN_DEPRECATED_OBJC_IMPLEMENTATIONS = YES;
				CLANG_WARN_DIRECT_OBJC_ISA_USAGE = YES_ERROR;
				CLANG_WARN_DOCUMENTATION_COMMENTS = YES;
				CLANG_WARN_EMPTY_BODY = YES;
				CLANG_WARN_ENUM_CONVERSION = YES;
				CLANG_WARN_INFINITE_RECURSION = YES;
				CLANG_WARN_INT_CONVERSION = YES;
				CLANG_WARN_NON_LITERAL_NULL_CONVERSION = YES;
				CLANG_WARN_OBJC_IMPLICIT_RETAIN_SELF = YES;
				CLANG_WARN_OBJC_LITERAL_CONVERSION = YES;
				CLANG_WARN_OBJC_ROOT_CLASS = YES_ERROR;
				CLANG_WARN_QUOTED_INCLUDE_IN_FRAMEWORK_HEADER = YES;
				CLANG_WARN_RANGE_LOOP_ANALYSIS = YES;
				CLANG_WARN_STRICT_PROTOTYPES = YES;
				CLANG_WARN_SUSPICIOUS_MOVE = YES;
				CLANG_WARN_UNGUARDED_AVAILABILITY = YES_AGGRESSIVE;
				CLANG_WARN_UNREACHABLE_CODE = YES;
				CLANG_WARN__DUPLICATE_METHOD_MATCH = YES;
				COPY_PHASE_STRIP = NO;
				DEAD_CODE_STRIPPING = YES;
				DEBUG_INFORMATION_FORMAT = "dwarf-with-dsym";
				ENABLE_NS_ASSERTIONS = NO;
				ENABLE_STRICT_OBJC_MSGSEND = YES;
				GCC_C_LANGUAGE_STANDARD = gnu11;
				GCC_NO_COMMON_BLOCKS = YES;
				GCC_WARN_64_TO_32_BIT_CONVERSION = YES;
				GCC_WARN_ABOUT_RETURN_TYPE = YES_ERROR;
				GCC_WARN_UNDECLARED_SELECTOR = YES;
				GCC_WARN_UNINITIALIZED_AUTOS = YES_AGGRESSIVE;
				GCC_WARN_UNUSED_FUNCTION = YES;
				GCC_WARN_UNUSED_VARIABLE = YES;
				MACOSX_DEPLOYMENT_TARGET = 12.3;
				MTL_ENABLE_DEBUG_INFO = NO;
				MTL_FAST_MATH = YES;
				SDKROOT = macosx;
				SWIFT_COMPILATION_MODE = wholemodule;
				SWIFT_OPTIMIZATION_LEVEL = "-O";
			};
			name = Release;
		};
		8A21B79827EE31A30009E5DB /* Debug */ = {
			isa = XCBuildConfiguration;
			buildSettings = {
				ASSETCATALOG_COMPILER_APPICON_NAME = AppIcon;
				ASSETCATALOG_COMPILER_GLOBAL_ACCENT_COLOR_NAME = AccentColor;
				CODE_SIGN_ENTITLEMENTS = TomatoBar/TomatoBar.entitlements;
				CODE_SIGN_IDENTITY = "Apple Development: Pieter C. Oosthuizen (JGNJA9J235)";
				"CODE_SIGN_IDENTITY[sdk=macosx*]" = "Apple Development";
				CODE_SIGN_STYLE = Automatic;
				COMBINE_HIDPI_IMAGES = YES;
				CURRENT_PROJECT_VERSION = 1;
				DEAD_CODE_STRIPPING = YES;
				DEVELOPMENT_TEAM = 7X2XV24BPN;
				ENABLE_HARDENED_RUNTIME = YES;
				GENERATE_INFOPLIST_FILE = YES;
				INFOPLIST_FILE = TomatoBar/Info.plist;
				INFOPLIST_KEY_CFBundleDisplayName = "Tiny Tomato Bar";
				INFOPLIST_KEY_LSApplicationCategoryType = "public.app-category.productivity";
				INFOPLIST_KEY_LSUIElement = YES;
				INFOPLIST_KEY_NSHumanReadableCopyright = "Copyright © 2022 Ilya Voronin, 2026 Plouton Consulting (Pty) Ltd. MIT License. https://github.com/ivoronin/TomatoBar";
				LD_RUNPATH_SEARCH_PATHS = (
					"$(inherited)",
					"@executable_path/../Frameworks",
				);
				MACOSX_DEPLOYMENT_TARGET = 13.5;
				MARKETING_VERSION = 1.0;
				PRODUCT_BUNDLE_IDENTIFIER = com.ploutonconsulting.veridian;
				PRODUCT_NAME = "$(TARGET_NAME)";
				SWIFT_EMIT_LOC_STRINGS = YES;
				SWIFT_VERSION = 5.0;
				SYSTEM_FRAMEWORK_SEARCH_PATHS = (
					"$(inherited)",
					"$(SYSTEM_LIBRARY_DIR)/PrivateFrameworks",
				);
			};
			name = Debug;
		};
		8A21B79927EE31A30009E5DB /* Release */ = {
			isa = XCBuildConfiguration;
			buildSettings = {
				ASSETCATALOG_COMPILER_APPICON_NAME = AppIcon;
				ASSETCATALOG_COMPILER_GLOBAL_ACCENT_COLOR_NAME = AccentColor;
				CODE_SIGN_ENTITLEMENTS = TomatoBar/TomatoBar.entitlements;
				CODE_SIGN_IDENTITY = "Apple Development: Pieter C. Oosthuizen (JGNJA9J235)";
				"CODE_SIGN_IDENTITY[sdk=macosx*]" = "Apple Development";
				CODE_SIGN_STYLE = Automatic;
				COMBINE_HIDPI_IMAGES = YES;
				CURRENT_PROJECT_VERSION = 1;
				DEAD_CODE_STRIPPING = YES;
				DEVELOPMENT_TEAM = 7X2XV24BPN;
				ENABLE_HARDENED_RUNTIME = YES;
				GENERATE_INFOPLIST_FILE = YES;
				INFOPLIST_FILE = TomatoBar/Info.plist;
				INFOPLIST_KEY_CFBundleDisplayName = "Tiny Tomato Bar";
				INFOPLIST_KEY_LSApplicationCategoryType = "public.app-category.productivity";
				INFOPLIST_KEY_LSUIElement = YES;
				INFOPLIST_KEY_NSHumanReadableCopyright = "Copyright © 2022 Ilya Voronin, 2026 Plouton Consulting (Pty) Ltd. MIT License. https://github.com/ivoronin/TomatoBar";
				LD_RUNPATH_SEARCH_PATHS = (
					"$(inherited)",
					"@executable_path/../Frameworks",
				);
				MACOSX_DEPLOYMENT_TARGET = 13.5;
				MARKETING_VERSION = 1.0;
				PRODUCT_BUNDLE_IDENTIFIER = com.ploutonconsulting.veridian;
				PRODUCT_NAME = "$(TARGET_NAME)";
				SWIFT_EMIT_LOC_STRINGS = YES;
				SWIFT_VERSION = 5.0;
				SYSTEM_FRAMEWORK_SEARCH_PATHS = (
					"$(inherited)",
					"$(SYSTEM_LIBRARY_DIR)/PrivateFrameworks",
				);
			};
			name = Release;
		};
/* End XCBuildConfiguration section */

/* Begin XCConfigurationList section */
		0C7443782F8E784A004A4A5F /* Build configuration list for PBXNativeTarget "TomatoBarTests" */ = {
			isa = XCConfigurationList;
			buildConfigurations = (
				0C7443792F8E784A004A4A5F /* Debug */,
				0C74437A2F8E784A004A4A5F /* Release */,
			);
			defaultConfigurationIsVisible = 0;
			defaultConfigurationName = Release;
		};
		8A21B78327EE31A20009E5DB /* Build configuration list for PBXProject "TomatoBar" */ = {
			isa = XCConfigurationList;
			buildConfigurations = (
				8A21B79527EE31A30009E5DB /* Debug */,
				8A21B79627EE31A30009E5DB /* Release */,
			);
			defaultConfigurationIsVisible = 0;
			defaultConfigurationName = Release;
		};
		8A21B79727EE31A30009E5DB /* Build configuration list for PBXNativeTarget "TomatoBar" */ = {
			isa = XCConfigurationList;
			buildConfigurations = (
				8A21B79827EE31A30009E5DB /* Debug */,
				8A21B79927EE31A30009E5DB /* Release */,
			);
			defaultConfigurationIsVisible = 0;
			defaultConfigurationName = Release;
		};
/* End XCConfigurationList section */

/* Begin XCRemoteSwiftPackageReference section */
		0C74437B2F8E7D5C004A4A5F /* XCRemoteSwiftPackageReference "LaunchAtLogin-Modern" */ = {
			isa = XCRemoteSwiftPackageReference;
			repositoryURL = "https://github.com/sindresorhus/LaunchAtLogin-Modern";
			requirement = {
				branch = main;
				kind = branch;
			};
		};
		8A8CFE3E2821D8C300F9F303 /* XCRemoteSwiftPackageReference "SwiftState" */ = {
			isa = XCRemoteSwiftPackageReference;
			repositoryURL = "https://github.com/ReactKit/SwiftState";
			requirement = {
				branch = swift/5.0;
				kind = branch;
			};
		};
		8AA5B3E9281295DB00BE1A6C /* XCRemoteSwiftPackageReference "KeyboardShortcuts" */ = {
			isa = XCRemoteSwiftPackageReference;
			repositoryURL = "https://github.com/sindresorhus/KeyboardShortcuts";
			requirement = {
				kind = exactVersion;
				version = 2.4.0;
			};
		};
/* End XCRemoteSwiftPackageReference section */

/* Begin XCSwiftPackageProductDependency section */
		0C74437C2F8E7D5C004A4A5F /* LaunchAtLogin */ = {
			isa = XCSwiftPackageProductDependency;
			package = 0C74437B2F8E7D5C004A4A5F /* XCRemoteSwiftPackageReference "LaunchAtLogin-Modern" */;
			productName = LaunchAtLogin;
		};
		8A8CFE3F2821D8C300F9F303 /* SwiftState */ = {
			isa = XCSwiftPackageProductDependency;
			package = 8A8CFE3E2821D8C300F9F303 /* XCRemoteSwiftPackageReference "SwiftState" */;
			productName = SwiftState;
		};
		8AA5B3EA281295DB00BE1A6C /* KeyboardShortcuts */ = {
			isa = XCSwiftPackageProductDependency;
			package = 8AA5B3E9281295DB00BE1A6C /* XCRemoteSwiftPackageReference "KeyboardShortcuts" */;
			productName = KeyboardShortcuts;
		};
/* End XCSwiftPackageProductDependency section */
	};
	rootObject = 8A21B78027EE31A20009E5DB /* Project object */;
}
